
Microsoft Visual Studio Solution File, Format Version 12.00
# Visual Studio 15
VisualStudioVersion = 15.0.26124.0
MinimumVisualStudioVersion = 15.0.26124.0
Project("{2150E333-8FDC-42A3-9474-1A3956D46DE8}") = "Code", "Code", "{29A2A08A-8C0E-44A7-B681-7C55EE59747F}"
EndProject
Project("{FAE04EC0-301F-11D3-BF4B-00C04F79EFBC}") = "dotnettestcd.Api", "Code\dotnettestcd.Api\dotnettestcd.Api.csproj", "{3E51F4CC-9D8B-431A-93F6-44A9B1F3CECB}"
EndProject
Project("{FAE04EC0-301F-11D3-BF4B-00C04F79EFBC}") = "dotnettestcd.Business", "Code\dotnettestcd.Business\dotnettestcd.Business.csproj", "{2E086DFD-C623-4FA6-9AEC-B759DCD241B5}"
EndProject
Project("{FAE04EC0-301F-11D3-BF4B-00C04F79EFBC}") = "dotnettestcd.Data", "Code\dotnettestcd.Data\dotnettestcd.Data.csproj", "{5A8ED2EE-647E-4927-AB77-897466CFE015}"
EndProject
Project("{FAE04EC0-301F-11D3-BF4B-00C04F79EFBC}") = "dotnettestcd.Entities", "Code\dotnettestcd.Entities\dotnettestcd.Entities.csproj", "{BF81FB01-AC33-4A5D-81E6-E77841DC7D79}"
EndProject
Project("{FAE04EC0-301F-11D3-BF4B-00C04F79EFBC}") = "dotnettestcd.Test.Api", "Code\dotnettestcd.Test.Api\dotnettestcd.Test.Api.csproj", "{91578502-60B5-4EE8-A012-8A9925912F76}"
EndProject
Project("{FAE04EC0-301F-11D3-BF4B-00C04F79EFBC}") = "dotnettestcd.Test.Business", "Code\dotnettestcd.Test.Business\dotnettestcd.Test.Business.csproj", "{B0C41D6A-9840-4277-95FC-CE37A9A7A57C}"
EndProject
Project("{FAE04EC0-301F-11D3-BF4B-00C04F79EFBC}") = "dotnettestcd.Test.Framework", "Code\dotnettestcd.Test.Framework\dotnettestcd.Test.Framework.csproj", "{63084F54-0BB1-48A0-BF98-3761A5F3CD8F}"
EndProject
Project("{2150E333-8FDC-42A3-9474-1A3956D46DE8}") = "Test", "Test", "{8238A3F8-5CE9-485B-B10C-78F0B15A2077}"
EndProject
Global
	GlobalSection(SolutionConfigurationPlatforms) = preSolution
		Debug|Any CPU = Debug|Any CPU
		Debug|x64 = Debug|x64
		Debug|x86 = Debug|x86
		Release|Any CPU = Release|Any CPU
		Release|x64 = Release|x64
		Release|x86 = Release|x86
	EndGlobalSection
	GlobalSection(SolutionProperties) = preSolution
		HideSolutionNode = FALSE
	EndGlobalSection
	GlobalSection(ProjectConfigurationPlatforms) = postSolution
		{3E51F4CC-9D8B-431A-93F6-44A9B1F3CECB}.Debug|Any CPU.ActiveCfg = Debug|Any CPU
		{3E51F4CC-9D8B-431A-93F6-44A9B1F3CECB}.Debug|Any CPU.Build.0 = Debug|Any CPU
		{3E51F4CC-9D8B-431A-93F6-44A9B1F3CECB}.Debug|x64.ActiveCfg = Debug|Any CPU
		{3E51F4CC-9D8B-431A-93F6-44A9B1F3CECB}.Debug|x64.Build.0 = Debug|Any CPU
		{3E51F4CC-9D8B-431A-93F6-44A9B1F3CECB}.Debug|x86.ActiveCfg = Debug|Any CPU
		{3E51F4CC-9D8B-431A-93F6-44A9B1F3CECB}.Debug|x86.Build.0 = Debug|Any CPU
		{3E51F4CC-9D8B-431A-93F6-44A9B1F3CECB}.Release|Any CPU.ActiveCfg = Release|Any CPU
		{3E51F4CC-9D8B-431A-93F6-44A9B1F3CECB}.Release|Any CPU.Build.0 = Release|Any CPU
		{3E51F4CC-9D8B-431A-93F6-44A9B1F3CECB}.Release|x64.ActiveCfg = Release|Any CPU
		{3E51F4CC-9D8B-431A-93F6-44A9B1F3CECB}.Release|x64.Build.0 = Release|Any CPU
		{3E51F4CC-9D8B-431A-93F6-44A9B1F3CECB}.Release|x86.ActiveCfg = Release|Any CPU
		{3E51F4CC-9D8B-431A-93F6-44A9B1F3CECB}.Release|x86.Build.0 = Release|Any CPU
		{2E086DFD-C623-4FA6-9AEC-B759DCD241B5}.Debug|Any CPU.ActiveCfg = Debug|Any CPU
		{2E086DFD-C623-4FA6-9AEC-B759DCD241B5}.Debug|Any CPU.Build.0 = Debug|Any CPU
		{2E086DFD-C623-4FA6-9AEC-B759DCD241B5}.Debug|x64.ActiveCfg = Debug|Any CPU
		{2E086DFD-C623-4FA6-9AEC-B759DCD241B5}.Debug|x64.Build.0 = Debug|Any CPU
		{2E086DFD-C623-4FA6-9AEC-B759DCD241B5}.Debug|x86.ActiveCfg = Debug|Any CPU
		{2E086DFD-C623-4FA6-9AEC-B759DCD241B5}.Debug|x86.Build.0 = Debug|Any CPU
		{2E086DFD-C623-4FA6-9AEC-B759DCD241B5}.Release|Any CPU.ActiveCfg = Release|Any CPU
		{2E086DFD-C623-4FA6-9AEC-B759DCD241B5}.Release|Any CPU.Build.0 = Release|Any CPU
		{2E086DFD-C623-4FA6-9AEC-B759DCD241B5}.Release|x64.ActiveCfg = Release|Any CPU
		{2E086DFD-C623-4FA6-9AEC-B759DCD241B5}.Release|x64.Build.0 = Release|Any CPU
		{2E086DFD-C623-4FA6-9AEC-B759DCD241B5}.Release|x86.ActiveCfg = Release|Any CPU
		{2E086DFD-C623-4FA6-9AEC-B759DCD241B5}.Release|x86.Build.0 = Release|Any CPU
		{5A8ED2EE-647E-4927-AB77-897466CFE015}.Debug|Any CPU.ActiveCfg = Debug|Any CPU
		{5A8ED2EE-647E-4927-AB77-897466CFE015}.Debug|Any CPU.Build.0 = Debug|Any CPU
		{5A8ED2EE-647E-4927-AB77-897466CFE015}.Debug|x64.ActiveCfg = Debug|Any CPU
		{5A8ED2EE-647E-4927-AB77-897466CFE015}.Debug|x64.Build.0 = Debug|Any CPU
		{5A8ED2EE-647E-4927-AB77-897466CFE015}.Debug|x86.ActiveCfg = Debug|Any CPU
		{5A8ED2EE-647E-4927-AB77-897466CFE015}.Debug|x86.Build.0 = Debug|Any CPU
		{5A8ED2EE-647E-4927-AB77-897466CFE015}.Release|Any CPU.ActiveCfg = Release|Any CPU
		{5A8ED2EE-647E-4927-AB77-897466CFE015}.Release|Any CPU.Build.0 = Release|Any CPU
		{5A8ED2EE-647E-4927-AB77-897466CFE015}.Release|x64.ActiveCfg = Release|Any CPU
		{5A8ED2EE-647E-4927-AB77-897466CFE015}.Release|x64.Build.0 = Release|Any CPU
		{5A8ED2EE-647E-4927-AB77-897466CFE015}.Release|x86.ActiveCfg = Release|Any CPU
		{5A8ED2EE-647E-4927-AB77-897466CFE015}.Release|x86.Build.0 = Release|Any CPU
		{BF81FB01-AC33-4A5D-81E6-E77841DC7D79}.Debug|Any CPU.ActiveCfg = Debug|Any CPU
		{BF81FB01-AC33-4A5D-81E6-E77841DC7D79}.Debug|Any CPU.Build.0 = Debug|Any CPU
		{BF81FB01-AC33-4A5D-81E6-E77841DC7D79}.Debug|x64.ActiveCfg = Debug|Any CPU
		{BF81FB01-AC33-4A5D-81E6-E77841DC7D79}.Debug|x64.Build.0 = Debug|Any CPU
		{BF81FB01-AC33-4A5D-81E6-E77841DC7D79}.Debug|x86.ActiveCfg = Debug|Any CPU
		{BF81FB01-AC33-4A5D-81E6-E77841DC7D79}.Debug|x86.Build.0 = Debug|Any CPU
		{BF81FB01-AC33-4A5D-81E6-E77841DC7D79}.Release|Any CPU.ActiveCfg = Release|Any CPU
		{BF81FB01-AC33-4A5D-81E6-E77841DC7D79}.Release|Any CPU.Build.0 = Release|Any CPU
		{BF81FB01-AC33-4A5D-81E6-E77841DC7D79}.Release|x64.ActiveCfg = Release|Any CPU
		{BF81FB01-AC33-4A5D-81E6-E77841DC7D79}.Release|x64.Build.0 = Release|Any CPU
		{BF81FB01-AC33-4A5D-81E6-E77841DC7D79}.Release|x86.ActiveCfg = Release|Any CPU
		{BF81FB01-AC33-4A5D-81E6-E77841DC7D79}.Release|x86.Build.0 = Release|Any CPU
		{91578502-60B5-4EE8-A012-8A9925912F76}.Debug|Any CPU.ActiveCfg = Debug|Any CPU
		{91578502-60B5-4EE8-A012-8A9925912F76}.Debug|Any CPU.Build.0 = Debug|Any CPU
		{91578502-60B5-4EE8-A012-8A9925912F76}.Debug|x64.ActiveCfg = Debug|Any CPU
		{91578502-60B5-4EE8-A012-8A9925912F76}.Debug|x64.Build.0 = Debug|Any CPU
		{91578502-60B5-4EE8-A012-8A9925912F76}.Debug|x86.ActiveCfg = Debug|Any CPU
		{91578502-60B5-4EE8-A012-8A9925912F76}.Debug|x86.Build.0 = Debug|Any CPU
		{91578502-60B5-4EE8-A012-8A9925912F76}.Release|Any CPU.ActiveCfg = Release|Any CPU
		{91578502-60B5-4EE8-A012-8A9925912F76}.Release|Any CPU.Build.0 = Release|Any CPU
		{91578502-60B5-4EE8-A012-8A9925912F76}.Release|x64.ActiveCfg = Release|Any CPU
		{91578502-60B5-4EE8-A012-8A9925912F76}.Release|x64.Build.0 = Release|Any CPU
		{91578502-60B5-4EE8-A012-8A9925912F76}.Release|x86.ActiveCfg = Release|Any CPU
		{91578502-60B5-4EE8-A012-8A9925912F76}.Release|x86.Build.0 = Release|Any CPU
		{B0C41D6A-9840-4277-95FC-CE37A9A7A57C}.Debug|Any CPU.ActiveCfg = Debug|Any CPU
		{B0C41D6A-9840-4277-95FC-CE37A9A7A57C}.Debug|Any CPU.Build.0 = Debug|Any CPU
		{B0C41D6A-9840-4277-95FC-CE37A9A7A57C}.Debug|x64.ActiveCfg = Debug|Any CPU
		{B0C41D6A-9840-4277-95FC-CE37A9A7A57C}.Debug|x64.Build.0 = Debug|Any CPU
		{B0C41D6A-9840-4277-95FC-CE37A9A7A57C}.Debug|x86.ActiveCfg = Debug|Any CPU
		{B0C41D6A-9840-4277-95FC-CE37A9A7A57C}.Debug|x86.Build.0 = Debug|Any CPU
		{B0C41D6A-9840-4277-95FC-CE37A9A7A57C}.Release|Any CPU.ActiveCfg = Release|Any CPU
		{B0C41D6A-9840-4277-95FC-CE37A9A7A57C}.Release|Any CPU.Build.0 = Release|Any CPU
		{B0C41D6A-9840-4277-95FC-CE37A9A7A57C}.Release|x64.ActiveCfg = Release|Any CPU
		{B0C41D6A-9840-4277-95FC-CE37A9A7A57C}.Release|x64.Build.0 = Release|Any CPU
		{B0C41D6A-9840-4277-95FC-CE37A9A7A57C}.Release|x86.ActiveCfg = Release|Any CPU
		{B0C41D6A-9840-4277-95FC-CE37A9A7A57C}.Release|x86.Build.0 = Release|Any CPU
		{63084F54-0BB1-48A0-BF98-3761A5F3CD8F}.Debug|Any CPU.ActiveCfg = Debug|Any CPU
		{63084F54-0BB1-48A0-BF98-3761A5F3CD8F}.Debug|Any CPU.Build.0 = Debug|Any CPU
		{63084F54-0BB1-48A0-BF98-3761A5F3CD8F}.Debug|x64.ActiveCfg = Debug|Any CPU
		{63084F54-0BB1-48A0-BF98-3761A5F3CD8F}.Debug|x64.Build.0 = Debug|Any CPU
		{63084F54-0BB1-48A0-BF98-3761A5F3CD8F}.Debug|x86.ActiveCfg = Debug|Any CPU
		{63084F54-0BB1-48A0-BF98-3761A5F3CD8F}.Debug|x86.Build.0 = Debug|Any CPU
		{63084F54-0BB1-48A0-BF98-3761A5F3CD8F}.Release|Any CPU.ActiveCfg = Release|Any CPU
		{63084F54-0BB1-48A0-BF98-3761A5F3CD8F}.Release|Any CPU.Build.0 = Release|Any CPU
		{63084F54-0BB1-48A0-BF98-3761A5F3CD8F}.Release|x64.ActiveCfg = Release|Any CPU
		{63084F54-0BB1-48A0-BF98-3761A5F3CD8F}.Release|x64.Build.0 = Release|Any CPU
		{63084F54-0BB1-48A0-BF98-3761A5F3CD8F}.Release|x86.ActiveCfg = Release|Any CPU
		{63084F54-0BB1-48A0-BF98-3761A5F3CD8F}.Release|x86.Build.0 = Release|Any CPU
	EndGlobalSection
	GlobalSection(NestedProjects) = preSolution
		{3E51F4CC-9D8B-431A-93F6-44A9B1F3CECB} = {29A2A08A-8C0E-44A7-B681-7C55EE59747F}
		{2E086DFD-C623-4FA6-9AEC-B759DCD241B5} = {29A2A08A-8C0E-44A7-B681-7C55EE59747F}
		{5A8ED2EE-647E-4927-AB77-897466CFE015} = {29A2A08A-8C0E-44A7-B681-7C55EE59747F}
		{BF81FB01-AC33-4A5D-81E6-E77841DC7D79} = {29A2A08A-8C0E-44A7-B681-7C55EE59747F}
		{91578502-60B5-4EE8-A012-8A9925912F76} = {8238A3F8-5CE9-485B-B10C-78F0B15A2077}
		{B0C41D6A-9840-4277-95FC-CE37A9A7A57C} = {8238A3F8-5CE9-485B-B10C-78F0B15A2077}
		{63084F54-0BB1-48A0-BF98-3761A5F3CD8F} = {8238A3F8-5CE9-485B-B10C-78F0B15A2077}
	EndGlobalSection
EndGlobal
