
Microsoft Visual Studio Solution File, Format Version 12.00
# Visual Studio 15
VisualStudioVersion = 15.0.26124.0
MinimumVisualStudioVersion = 15.0.26124.0
Project("{2150E333-8FDC-42A3-9474-1A3956D46DE8}") = "Code", "Code", "{585E71B6-D655-4D69-8AF3-2ED1A58FBE09}"
EndProject
Project("{FAE04EC0-301F-11D3-BF4B-00C04F79EFBC}") = "demodot.Api", "Code\demodot.Api\demodot.Api.csproj", "{9CFDD0B6-F683-4ED4-AAD5-ED187CA7E24C}"
EndProject
Project("{FAE04EC0-301F-11D3-BF4B-00C04F79EFBC}") = "demodot.BusinessEntities", "Code\demodot.BusinessEntities\demodot.BusinessEntities.csproj", "{4E9DBA2C-889B-4358-912F-681B51A8AB69}"
EndProject
Project("{FAE04EC0-301F-11D3-BF4B-00C04F79EFBC}") = "demodot.BusinessServices", "Code\demodot.BusinessServices\demodot.BusinessServices.csproj", "{1D403563-8C12-411B-9A8A-C0BFB2CA1F0B}"
EndProject
Project("{FAE04EC0-301F-11D3-BF4B-00C04F79EFBC}") = "demodot.Contracts", "Code\demodot.Contracts\demodot.Contracts.csproj", "{2D986569-D472-416D-85C2-5A098CD96863}"
EndProject
Project("{FAE04EC0-301F-11D3-BF4B-00C04F79EFBC}") = "demodot.Data", "Code\demodot.Data\demodot.Data.csproj", "{4546673C-E70A-4CE1-9C2B-B2EB079029F1}"
EndProject
Project("{FAE04EC0-301F-11D3-BF4B-00C04F79EFBC}") = "demodot.Test.Api", "Code\demodot.Test.Api\demodot.Test.Api.csproj", "{4DC82BA2-BDB6-4345-AB33-3A8ED9816601}"
EndProject
Project("{FAE04EC0-301F-11D3-BF4B-00C04F79EFBC}") = "demodot.Test.Business", "Code\demodot.Test.Business\demodot.Test.Business.csproj", "{C6367494-F77B-4BF4-A55B-399D0E060177}"
EndProject
Project("{FAE04EC0-301F-11D3-BF4B-00C04F79EFBC}") = "demodot.Test.Framework", "Code\demodot.Test.Framework\demodot.Test.Framework.csproj", "{0269F04C-1BF4-49E7-A2F7-8B673A2DEB0E}"
EndProject
Project("{2150E333-8FDC-42A3-9474-1A3956D46DE8}") = "Test", "Test", "{39BA71DD-8D41-4FEC-B3C8-0EF03302AF33}"
EndProject
Global
	GlobalSection(SolutionConfigurationPlatforms) = preSolution
		Debug|Any CPU = Debug|Any CPU
		Debug|x64 = Debug|x64
		Debug|x86 = Debug|x86
		Release|Any CPU = Release|Any CPU
		Release|x64 = Release|x64
		Release|x86 = Release|x86
	EndGlobalSection
	GlobalSection(SolutionProperties) = preSolution
		HideSolutionNode = FALSE
	EndGlobalSection
	GlobalSection(ProjectConfigurationPlatforms) = postSolution
		{9CFDD0B6-F683-4ED4-AAD5-ED187CA7E24C}.Debug|Any CPU.ActiveCfg = Debug|Any CPU
		{9CFDD0B6-F683-4ED4-AAD5-ED187CA7E24C}.Debug|Any CPU.Build.0 = Debug|Any CPU
		{9CFDD0B6-F683-4ED4-AAD5-ED187CA7E24C}.Debug|x64.ActiveCfg = Debug|Any CPU
		{9CFDD0B6-F683-4ED4-AAD5-ED187CA7E24C}.Debug|x64.Build.0 = Debug|Any CPU
		{9CFDD0B6-F683-4ED4-AAD5-ED187CA7E24C}.Debug|x86.ActiveCfg = Debug|Any CPU
		{9CFDD0B6-F683-4ED4-AAD5-ED187CA7E24C}.Debug|x86.Build.0 = Debug|Any CPU
		{9CFDD0B6-F683-4ED4-AAD5-ED187CA7E24C}.Release|Any CPU.ActiveCfg = Release|Any CPU
		{9CFDD0B6-F683-4ED4-AAD5-ED187CA7E24C}.Release|Any CPU.Build.0 = Release|Any CPU
		{9CFDD0B6-F683-4ED4-AAD5-ED187CA7E24C}.Release|x64.ActiveCfg = Release|Any CPU
		{9CFDD0B6-F683-4ED4-AAD5-ED187CA7E24C}.Release|x64.Build.0 = Release|Any CPU
		{9CFDD0B6-F683-4ED4-AAD5-ED187CA7E24C}.Release|x86.ActiveCfg = Release|Any CPU
		{9CFDD0B6-F683-4ED4-AAD5-ED187CA7E24C}.Release|x86.Build.0 = Release|Any CPU
		{4E9DBA2C-889B-4358-912F-681B51A8AB69}.Debug|Any CPU.ActiveCfg = Debug|Any CPU
		{4E9DBA2C-889B-4358-912F-681B51A8AB69}.Debug|Any CPU.Build.0 = Debug|Any CPU
		{4E9DBA2C-889B-4358-912F-681B51A8AB69}.Debug|x64.ActiveCfg = Debug|Any CPU
		{4E9DBA2C-889B-4358-912F-681B51A8AB69}.Debug|x64.Build.0 = Debug|Any CPU
		{4E9DBA2C-889B-4358-912F-681B51A8AB69}.Debug|x86.ActiveCfg = Debug|Any CPU
		{4E9DBA2C-889B-4358-912F-681B51A8AB69}.Debug|x86.Build.0 = Debug|Any CPU
		{4E9DBA2C-889B-4358-912F-681B51A8AB69}.Release|Any CPU.ActiveCfg = Release|Any CPU
		{4E9DBA2C-889B-4358-912F-681B51A8AB69}.Release|Any CPU.Build.0 = Release|Any CPU
		{4E9DBA2C-889B-4358-912F-681B51A8AB69}.Release|x64.ActiveCfg = Release|Any CPU
		{4E9DBA2C-889B-4358-912F-681B51A8AB69}.Release|x64.Build.0 = Release|Any CPU
		{4E9DBA2C-889B-4358-912F-681B51A8AB69}.Release|x86.ActiveCfg = Release|Any CPU
		{4E9DBA2C-889B-4358-912F-681B51A8AB69}.Release|x86.Build.0 = Release|Any CPU
		{1D403563-8C12-411B-9A8A-C0BFB2CA1F0B}.Debug|Any CPU.ActiveCfg = Debug|Any CPU
		{1D403563-8C12-411B-9A8A-C0BFB2CA1F0B}.Debug|Any CPU.Build.0 = Debug|Any CPU
		{1D403563-8C12-411B-9A8A-C0BFB2CA1F0B}.Debug|x64.ActiveCfg = Debug|Any CPU
		{1D403563-8C12-411B-9A8A-C0BFB2CA1F0B}.Debug|x64.Build.0 = Debug|Any CPU
		{1D403563-8C12-411B-9A8A-C0BFB2CA1F0B}.Debug|x86.ActiveCfg = Debug|Any CPU
		{1D403563-8C12-411B-9A8A-C0BFB2CA1F0B}.Debug|x86.Build.0 = Debug|Any CPU
		{1D403563-8C12-411B-9A8A-C0BFB2CA1F0B}.Release|Any CPU.ActiveCfg = Release|Any CPU
		{1D403563-8C12-411B-9A8A-C0BFB2CA1F0B}.Release|Any CPU.Build.0 = Release|Any CPU
		{1D403563-8C12-411B-9A8A-C0BFB2CA1F0B}.Release|x64.ActiveCfg = Release|Any CPU
		{1D403563-8C12-411B-9A8A-C0BFB2CA1F0B}.Release|x64.Build.0 = Release|Any CPU
		{1D403563-8C12-411B-9A8A-C0BFB2CA1F0B}.Release|x86.ActiveCfg = Release|Any CPU
		{1D403563-8C12-411B-9A8A-C0BFB2CA1F0B}.Release|x86.Build.0 = Release|Any CPU
		{2D986569-D472-416D-85C2-5A098CD96863}.Debug|Any CPU.ActiveCfg = Debug|Any CPU
		{2D986569-D472-416D-85C2-5A098CD96863}.Debug|Any CPU.Build.0 = Debug|Any CPU
		{2D986569-D472-416D-85C2-5A098CD96863}.Debug|x64.ActiveCfg = Debug|Any CPU
		{2D986569-D472-416D-85C2-5A098CD96863}.Debug|x64.Build.0 = Debug|Any CPU
		{2D986569-D472-416D-85C2-5A098CD96863}.Debug|x86.ActiveCfg = Debug|Any CPU
		{2D986569-D472-416D-85C2-5A098CD96863}.Debug|x86.Build.0 = Debug|Any CPU
		{2D986569-D472-416D-85C2-5A098CD96863}.Release|Any CPU.ActiveCfg = Release|Any CPU
		{2D986569-D472-416D-85C2-5A098CD96863}.Release|Any CPU.Build.0 = Release|Any CPU
		{2D986569-D472-416D-85C2-5A098CD96863}.Release|x64.ActiveCfg = Release|Any CPU
		{2D986569-D472-416D-85C2-5A098CD96863}.Release|x64.Build.0 = Release|Any CPU
		{2D986569-D472-416D-85C2-5A098CD96863}.Release|x86.ActiveCfg = Release|Any CPU
		{2D986569-D472-416D-85C2-5A098CD96863}.Release|x86.Build.0 = Release|Any CPU
		{4546673C-E70A-4CE1-9C2B-B2EB079029F1}.Debug|Any CPU.ActiveCfg = Debug|Any CPU
		{4546673C-E70A-4CE1-9C2B-B2EB079029F1}.Debug|Any CPU.Build.0 = Debug|Any CPU
		{4546673C-E70A-4CE1-9C2B-B2EB079029F1}.Debug|x64.ActiveCfg = Debug|Any CPU
		{4546673C-E70A-4CE1-9C2B-B2EB079029F1}.Debug|x64.Build.0 = Debug|Any CPU
		{4546673C-E70A-4CE1-9C2B-B2EB079029F1}.Debug|x86.ActiveCfg = Debug|Any CPU
		{4546673C-E70A-4CE1-9C2B-B2EB079029F1}.Debug|x86.Build.0 = Debug|Any CPU
		{4546673C-E70A-4CE1-9C2B-B2EB079029F1}.Release|Any CPU.ActiveCfg = Release|Any CPU
		{4546673C-E70A-4CE1-9C2B-B2EB079029F1}.Release|Any CPU.Build.0 = Release|Any CPU
		{4546673C-E70A-4CE1-9C2B-B2EB079029F1}.Release|x64.ActiveCfg = Release|Any CPU
		{4546673C-E70A-4CE1-9C2B-B2EB079029F1}.Release|x64.Build.0 = Release|Any CPU
		{4546673C-E70A-4CE1-9C2B-B2EB079029F1}.Release|x86.ActiveCfg = Release|Any CPU
		{4546673C-E70A-4CE1-9C2B-B2EB079029F1}.Release|x86.Build.0 = Release|Any CPU
		{4DC82BA2-BDB6-4345-AB33-3A8ED9816601}.Debug|Any CPU.ActiveCfg = Debug|Any CPU
		{4DC82BA2-BDB6-4345-AB33-3A8ED9816601}.Debug|Any CPU.Build.0 = Debug|Any CPU
		{4DC82BA2-BDB6-4345-AB33-3A8ED9816601}.Debug|x64.ActiveCfg = Debug|Any CPU
		{4DC82BA2-BDB6-4345-AB33-3A8ED9816601}.Debug|x64.Build.0 = Debug|Any CPU
		{4DC82BA2-BDB6-4345-AB33-3A8ED9816601}.Debug|x86.ActiveCfg = Debug|Any CPU
		{4DC82BA2-BDB6-4345-AB33-3A8ED9816601}.Debug|x86.Build.0 = Debug|Any CPU
		{4DC82BA2-BDB6-4345-AB33-3A8ED9816601}.Release|Any CPU.ActiveCfg = Release|Any CPU
		{4DC82BA2-BDB6-4345-AB33-3A8ED9816601}.Release|Any CPU.Build.0 = Release|Any CPU
		{4DC82BA2-BDB6-4345-AB33-3A8ED9816601}.Release|x64.ActiveCfg = Release|Any CPU
		{4DC82BA2-BDB6-4345-AB33-3A8ED9816601}.Release|x64.Build.0 = Release|Any CPU
		{4DC82BA2-BDB6-4345-AB33-3A8ED9816601}.Release|x86.ActiveCfg = Release|Any CPU
		{4DC82BA2-BDB6-4345-AB33-3A8ED9816601}.Release|x86.Build.0 = Release|Any CPU
		{C6367494-F77B-4BF4-A55B-399D0E060177}.Debug|Any CPU.ActiveCfg = Debug|Any CPU
		{C6367494-F77B-4BF4-A55B-399D0E060177}.Debug|Any CPU.Build.0 = Debug|Any CPU
		{C6367494-F77B-4BF4-A55B-399D0E060177}.Debug|x64.ActiveCfg = Debug|Any CPU
		{C6367494-F77B-4BF4-A55B-399D0E060177}.Debug|x64.Build.0 = Debug|Any CPU
		{C6367494-F77B-4BF4-A55B-399D0E060177}.Debug|x86.ActiveCfg = Debug|Any CPU
		{C6367494-F77B-4BF4-A55B-399D0E060177}.Debug|x86.Build.0 = Debug|Any CPU
		{C6367494-F77B-4BF4-A55B-399D0E060177}.Release|Any CPU.ActiveCfg = Release|Any CPU
		{C6367494-F77B-4BF4-A55B-399D0E060177}.Release|Any CPU.Build.0 = Release|Any CPU
		{C6367494-F77B-4BF4-A55B-399D0E060177}.Release|x64.ActiveCfg = Release|Any CPU
		{C6367494-F77B-4BF4-A55B-399D0E060177}.Release|x64.Build.0 = Release|Any CPU
		{C6367494-F77B-4BF4-A55B-399D0E060177}.Release|x86.ActiveCfg = Release|Any CPU
		{C6367494-F77B-4BF4-A55B-399D0E060177}.Release|x86.Build.0 = Release|Any CPU
		{0269F04C-1BF4-49E7-A2F7-8B673A2DEB0E}.Debug|Any CPU.ActiveCfg = Debug|Any CPU
		{0269F04C-1BF4-49E7-A2F7-8B673A2DEB0E}.Debug|Any CPU.Build.0 = Debug|Any CPU
		{0269F04C-1BF4-49E7-A2F7-8B673A2DEB0E}.Debug|x64.ActiveCfg = Debug|Any CPU
		{0269F04C-1BF4-49E7-A2F7-8B673A2DEB0E}.Debug|x64.Build.0 = Debug|Any CPU
		{0269F04C-1BF4-49E7-A2F7-8B673A2DEB0E}.Debug|x86.ActiveCfg = Debug|Any CPU
		{0269F04C-1BF4-49E7-A2F7-8B673A2DEB0E}.Debug|x86.Build.0 = Debug|Any CPU
		{0269F04C-1BF4-49E7-A2F7-8B673A2DEB0E}.Release|Any CPU.ActiveCfg = Release|Any CPU
		{0269F04C-1BF4-49E7-A2F7-8B673A2DEB0E}.Release|Any CPU.Build.0 = Release|Any CPU
		{0269F04C-1BF4-49E7-A2F7-8B673A2DEB0E}.Release|x64.ActiveCfg = Release|Any CPU
		{0269F04C-1BF4-49E7-A2F7-8B673A2DEB0E}.Release|x64.Build.0 = Release|Any CPU
		{0269F04C-1BF4-49E7-A2F7-8B673A2DEB0E}.Release|x86.ActiveCfg = Release|Any CPU
		{0269F04C-1BF4-49E7-A2F7-8B673A2DEB0E}.Release|x86.Build.0 = Release|Any CPU
	EndGlobalSection
	GlobalSection(NestedProjects) = preSolution
		{9CFDD0B6-F683-4ED4-AAD5-ED187CA7E24C} = {585E71B6-D655-4D69-8AF3-2ED1A58FBE09}
		{4E9DBA2C-889B-4358-912F-681B51A8AB69} = {585E71B6-D655-4D69-8AF3-2ED1A58FBE09}
		{1D403563-8C12-411B-9A8A-C0BFB2CA1F0B} = {585E71B6-D655-4D69-8AF3-2ED1A58FBE09}
		{2D986569-D472-416D-85C2-5A098CD96863} = {585E71B6-D655-4D69-8AF3-2ED1A58FBE09}
		{4546673C-E70A-4CE1-9C2B-B2EB079029F1} = {585E71B6-D655-4D69-8AF3-2ED1A58FBE09}
		{4DC82BA2-BDB6-4345-AB33-3A8ED9816601} = {39BA71DD-8D41-4FEC-B3C8-0EF03302AF33}
		{C6367494-F77B-4BF4-A55B-399D0E060177} = {39BA71DD-8D41-4FEC-B3C8-0EF03302AF33}
		{0269F04C-1BF4-49E7-A2F7-8B673A2DEB0E} = {39BA71DD-8D41-4FEC-B3C8-0EF03302AF33}
	EndGlobalSection
EndGlobal
